{
  "requires": true,
  "lockfileVersion": 1,
  "dependencies": {
    "react-native-tab-view": {
      "version": "2.15.2",
      "resolved": "https://registry.npmjs.org/react-native-tab-view/-/react-native-tab-view-2.15.2.tgz",
      "integrity": "sha512-2hxLkBnZtEKFDyfvNO5EUywhy3f/EiLOBO8SWqKj4BMBTO0QwnybaPE5MVF00Fhz+VA4+h/iI40Dkrrtq70dGg=="
    }
  }
}
